// !$*UTF8*$!
{
	archiveVersion = 1;
	classes = {
	};
	objectVersion = 50;
	objects = {

/* Begin PBXBuildFile section */
		ABB6C02F243D2AC000252529 /* AppDelegate.swift in Sources */ = {isa = PBXBuildFile; fileRef = ABB6C02E243D2AC000252529 /* AppDelegate.swift */; };
		ABB6C031243D2AC000252529 /* SceneDelegate.swift in Sources */ = {isa = PBXBuildFile; fileRef = ABB6C030243D2AC000252529 /* SceneDelegate.swift */; };
		ABB6C033243D2AC000252529 /* ViewController.swift in Sources */ = {isa = PBXBuildFile; fileRef = ABB6C032243D2AC000252529 /* ViewController.swift */; };
		ABB6C036243D2AC000252529 /* Main.storyboard in Resources */ = {isa = PBXBuildFile; fileRef = ABB6C034243D2AC000252529 /* Main.storyboard */; };
		ABB6C038243D2AC100252529 /* Assets.xcassets in Resources */ = {isa = PBXBuildFile; fileRef = ABB6C037243D2AC100252529 /* Assets.xcassets */; };
		ABB6C03B243D2AC100252529 /* LaunchScreen.storyboard in Resources */ = {isa = PBXBuildFile; fileRef = ABB6C039243D2AC100252529 /* LaunchScreen.storyboard */; };
		ABB6C043243D2E3F00252529 /* DogAPI.swift in Sources */ = {isa = PBXBuildFile; fileRef = ABB6C042243D2E3F00252529 /* DogAPI.swift */; };
		ABB6C045243D2E5E00252529 /* DogImage.swift in Sources */ = {isa = PBXBuildFile; fileRef = ABB6C044243D2E5E00252529 /* DogImage.swift */; };
/* End PBXBuildFile section */

/* Begin PBXFileReference section */
		ABB6C02B243D2AC000252529 /* DownloadFiles.app */ = {isa = PBXFileReference; explicitFileType = wrapper.application; includeInIndex = 0; path = DownloadFiles.app; sourceTree = BUILT_PRODUCTS_DIR; };
		ABB6C02E243D2AC000252529 /* AppDelegate.swift */ = {isa = PBXFileReference; lastKnownFileType = sourcecode.swift; path = AppDelegate.swift; sourceTree = "<group>"; };
		ABB6C030243D2AC000252529 /* SceneDelegate.swift */ = {isa = PBXFileReference; lastKnownFileType = sourcecode.swift; path = SceneDelegate.swift; sourceTree = "<group>"; };
		ABB6C032243D2AC000252529 /* ViewController.swift */ = {isa = PBXFileReference; lastKnownFileType = sourcecode.swift; path = ViewController.swift; sourceTree = "<group>"; };
		ABB6C035243D2AC000252529 /* Base */ = {isa = PBXFileReference; lastKnownFileType = file.storyboard; name = Base; path = Base.lproj/Main.storyboard; sourceTree = "<group>"; };
		ABB6C037243D2AC100252529 /* Assets.xcassets */ = {isa = PBXFileReference; lastKnownFileType = folder.assetcatalog; path = Assets.xcassets; sourceTree = "<group>"; };
		ABB6C03A243D2AC100252529 /* Base */ = {isa = PBXFileReference; lastKnownFileType = file.storyboard; name = Base; path = Base.lproj/LaunchScreen.storyboard; sourceTree = "<group>"; };
		ABB6C03C243D2AC100252529 /* Info.plist */ = {isa = PBXFileReference; lastKnownFileType = text.plist.xml; path = Info.plist; sourceTree = "<group>"; };
		ABB6C042243D2E3F00252529 /* DogAPI.swift */ = {isa = PBXFileReference; lastKnownFileType = sourcecode.swift; path = DogAPI.swift; sourceTree = "<group>"; };
		ABB6C044243D2E5E00252529 /* DogImage.swift */ = {isa = PBXFileReference; lastKnownFileType = sourcecode.swift; path = DogImage.swift; sourceTree = "<group>"; };
/* End PBXFileReference section */

/* Begin PBXFrameworksBuildPhase section */
		ABB6C028243D2AC000252529 /* Frameworks */ = {
			isa = PBXFrameworksBuildPhase;
			buildActionMask = 2147483647;
			files = (
			);
			runOnlyForDeploymentPostprocessing = 0;
		};
/* End PBXFrameworksBuildPhase section */

/* Begin PBXGroup section */
		ABB6C022243D2AC000252529 = {
			isa = PBXGroup;
			children = (
				ABB6C02D243D2AC000252529 /* DownloadFiles */,
				ABB6C02C243D2AC000252529 /* Products */,
			);
			sourceTree = "<group>";
		};
		ABB6C02C243D2AC000252529 /* Products */ = {
			isa = PBXGroup;
			children = (
				ABB6C02B243D2AC000252529 /* DownloadFiles.app */,
			);
			name = Products;
			sourceTree = "<group>";
		};
		ABB6C02D243D2AC000252529 /* DownloadFiles */ = {
			isa = PBXGroup;
			children = (
				ABB6C02E243D2AC000252529 /* AppDelegate.swift */,
				ABB6C030243D2AC000252529 /* SceneDelegate.swift */,
				ABB6C032243D2AC000252529 /* ViewController.swift */,
				ABB6C034243D2AC000252529 /* Main.storyboard */,
				ABB6C037243D2AC100252529 /* Assets.xcassets */,
				ABB6C039243D2AC100252529 /* LaunchScreen.storyboard */,
				ABB6C03C243D2AC100252529 /* Info.plist */,
				ABB6C042243D2E3F00252529 /* DogAPI.swift */,
				ABB6C044243D2E5E00252529 /* DogImage.swift */,
			);
			path = DownloadFiles;
			sourceTree = "<group>";
		};
/* End PBXGroup section */

/* Begin PBXNativeTarget section */
		ABB6C02A243D2AC000252529 /* DownloadFiles */ = {
			isa = PBXNativeTarget;
			buildConfigurationList = ABB6C03F243D2AC100252529 /* Build configuration list for PBXNativeTarget "DownloadFiles" */;
			buildPhases = (
				ABB6C027243D2AC000252529 /* Sources */,
				ABB6C028243D2AC000252529 /* Frameworks */,
				ABB6C029243D2AC000252529 /* Resources */,
			);
			buildRules = (
			);
			dependencies = (
			);
			name = DownloadFiles;
			productName = DownloadFiles;
			productReference = ABB6C02B243D2AC000252529 /* DownloadFiles.app */;
			productType = "com.apple.product-type.application";
		};
/* End PBXNativeTarget section */

/* Begin PBXProject section */
		ABB6C023243D2AC000252529 /* Project object */ = {
			isa = PBXProject;
			attributes = {
				LastSwiftUpdateCheck = 1140;
				LastUpgradeCheck = 1140;
				ORGANIZATIONNAME = "Xcode Tips";
				TargetAttributes = {
					ABB6C02A243D2AC000252529 = {
						CreatedOnToolsVersion = 11.4;
					};
				};
			};
			buildConfigurationList = ABB6C026243D2AC000252529 /* Build configuration list for PBXProject "DownloadFiles" */;
			compatibilityVersion = "Xcode 9.3";
			developmentRegion = en;
			hasScannedForEncodings = 0;
			knownRegions = (
				en,
				Base,
			);
			mainGroup = ABB6C022243D2AC000252529;
			productRefGroup = ABB6C02C243D2AC000252529 /* Products */;
			projectDirPath = "";
			projectRoot = "";
			targets = (
				ABB6C02A243D2AC000252529 /* DownloadFiles */,
			);
		};
/* End PBXProject section */

/* Begin PBXResourcesBuildPhase section */
		ABB6C029243D2AC000252529 /* Resources */ = {
			isa = PBXResourcesBuildPhase;
			buildActionMask = 2147483647;
			files = (
				ABB6C03B243D2AC100252529 /* LaunchScreen.storyboard in Resources */,
				ABB6C038243D2AC100252529 /* Assets.xcassets in Resources */,
				ABB6C036243D2AC000252529 /* Main.storyboard in Resources */,
			);
			runOnlyForDeploymentPostprocessing = 0;
		};
/* End PBXResourcesBuildPhase section */

/* Begin PBXSourcesBuildPhase section */
		ABB6C027243D2AC000252529 /* Sources */ = {
			isa = PBXSourcesBuildPhase;
			buildActionMask = 2147483647;
			files = (
				ABB6C033243D2AC000252529 /* ViewController.swift in Sources */,
				ABB6C045243D2E5E00252529 /* DogImage.swift in Sources */,
				ABB6C02F243D2AC000252529 /* AppDelegate.swift in Sources */,
				ABB6C031243D2AC000252529 /* SceneDelegate.swift in Sources */,
				ABB6C043243D2E3F00252529 /* DogAPI.swift in Sources */,
			);
			runOnlyForDeploymentPostprocessing = 0;
		};
/* End PBXSourcesBuildPhase section */

/* Begin PBXVariantGroup section */
		ABB6C034243D2AC000252529 /* Main.storyboard */ = {
			isa = PBXVariantGroup;
			children = (
				ABB6C035243D2AC000252529 /* Base */,
			);
			name = Main.storyboard;
			sourceTree = "<group>";
		};
		ABB6C039243D2AC100252529 /* LaunchScreen.storyboard */ = {
			isa = PBXVariantGroup;
			children = (
				ABB6C03A243D2AC100252529 /* Base */,
			);
			name = LaunchScreen.storyboard;
			sourceTree = "<group>";
		};
/* End PBXVariantGroup section */

/* Begin XCBuildConfiguration section */
		ABB6C03D243D2AC100252529 /* Debug */ = {
			isa = XCBuildConfiguration;
			buildSettings = {
				ALWAYS_SEARCH_USER_PATHS = NO;
				CLANG_ANALYZER_NONNULL = YES;
				CLANG_ANALYZER_NUMBER_OBJECT_CONVERSION = YES_AGGRESSIVE;
				CLANG_CXX_LANGUAGE_STANDARD = "gnu++14";
				CLANG_CXX_LIBRARY = "libc++";
				CLANG_ENABLE_MODULES = YES;
				CLANG_ENABLE_OBJC_ARC = YES;
				CLANG_ENABLE_OBJC_WEAK = YES;
				CLANG_WARN_BLOCK_CAPTURE_AUTORELEASING = YES;
				CLANG_WARN_BOOL_CONVERSION = YES;
				CLANG_WARN_COMMA = YES;
				CLANG_WARN_CONSTANT_CONVERSION = YES;
				CLANG_WARN_DEPRECATED_OBJC_IMPLEMENTATIONS = YES;
				CLANG_WARN_DIRECT_OBJC_ISA_USAGE = YES_ERROR;
				CLANG_WARN_DOCUMENTATION_COMMENTS = YES;
				CLANG_WARN_EMPTY_BODY = YES;
				CLANG_WARN_ENUM_CONVERSION = YES;
				CLANG_WARN_INFINITE_RECURSION = YES;
				CLANG_WARN_INT_CONVERSION = YES;
				CLANG_WARN_NON_LITERAL_NULL_CONVERSION = YES;
				CLANG_WARN_OBJC_IMPLICIT_RETAIN_SELF = YES;
				CLANG_WARN_OBJC_LITERAL_CONVERSION = YES;
				CLANG_WARN_OBJC_ROOT_CLASS = YES_ERROR;
				CLANG_WARN_RANGE_LOOP_ANALYSIS = YES;
				CLANG_WARN_STRICT_PROTOTYPES = YES;
				CLANG_WARN_SUSPICIOUS_MOVE = YES;
				CLANG_WARN_UNGUARDED_AVAILABILITY = YES_AGGRESSIVE;
				CLANG_WARN_UNREACHABLE_CODE = YES;
				CLANG_WARN__DUPLICATE_METHOD_MATCH = YES;
				COPY_PHASE_STRIP = NO;
				DEBUG_INFORMATION_FORMAT = dwarf;
				ENABLE_STRICT_OBJC_MSGSEND = YES;
				ENABLE_TESTABILITY = YES;
				GCC_C_LANGUAGE_STANDARD = gnu11;
				GCC_DYNAMIC_NO_PIC = NO;
				GCC_NO_COMMON_BLOCKS = YES;
				GCC_OPTIMIZATION_LEVEL = 0;
				GCC_PREPROCESSOR_DEFINITIONS = (
					"DEBUG=1",
					"$(inherited)",
				);
				GCC_WARN_64_TO_32_BIT_CONVERSION = YES;
				GCC_WARN_ABOUT_RETURN_TYPE = YES_ERROR;
				GCC_WARN_UNDECLARED_SELECTOR = YES;
				GCC_WARN_UNINITIALIZED_AUTOS = YES_AGGRESSIVE;
				GCC_WARN_UNUSED_FUNCTION = YES;
				GCC_WARN_UNUSED_VARIABLE = YES;
				IPHONEOS_DEPLOYMENT_TARGET = 13.4;
				MTL_ENABLE_DEBUG_INFO = INCLUDE_SOURCE;
				MTL_FAST_MATH = YES;
				ONLY_ACTIVE_ARCH = YES;
				SDKROOT = iphoneos;
				SWIFT_ACTIVE_COMPILATION_CONDITIONS = DEBUG;
				SWIFT_OPTIMIZATION_LEVEL = "-Onone";
			};
			name = Debug;
		};
		ABB6C03E243D2AC100252529 /* Release */ = {
			isa = XCBuildConfiguration;
			buildSettings = {
				ALWAYS_SEARCH_USER_PATHS = NO;
				CLANG_ANALYZER_NONNULL = YES;
				CLANG_ANALYZER_NUMBER_OBJECT_CONVERSION = YES_AGGRESSIVE;
				CLANG_CXX_LANGUAGE_STANDARD = "gnu++14";
				CLANG_CXX_LIBRARY = "libc++";
				CLANG_ENABLE_MODULES = YES;
				CLANG_ENABLE_OBJC_ARC = YES;
				CLANG_ENABLE_OBJC_WEAK = YES;
				CLANG_WARN_BLOCK_CAPTURE_AUTORELEASING = YES;
				CLANG_WARN_BOOL_CONVERSION = YES;
				CLANG_WARN_COMMA = YES;
				CLANG_WARN_CONSTANT_CONVERSION = YES;
				CLANG_WARN_DEPRECATED_OBJC_IMPLEMENTATIONS = YES;
				CLANG_WARN_DIRECT_OBJC_ISA_USAGE = YES_ERROR;
				CLANG_WARN_DOCUMENTATION_COMMENTS = YES;
				CLANG_WARN_EMPTY_BODY = YES;
				CLANG_WARN_ENUM_CONVERSION = YES;
				CLANG_WARN_INFINITE_RECURSION = YES;
				CLANG_WARN_INT_CONVERSION = YES;
				CLANG_WARN_NON_LITERAL_NULL_CONVERSION = YES;
				CLANG_WARN_OBJC_IMPLICIT_RETAIN_SELF = YES;
				CLANG_WARN_OBJC_LITERAL_CONVERSION = YES;
				CLANG_WARN_OBJC_ROOT_CLASS = YES_ERROR;
				CLANG_WARN_RANGE_LOOP_ANALYSIS = YES;
				CLANG_WARN_STRICT_PROTOTYPES = YES;
				CLANG_WARN_SUSPICIOUS_MOVE = YES;
				CLANG_WARN_UNGUARDED_AVAILABILITY = YES_AGGRESSIVE;
				CLANG_WARN_UNREACHABLE_CODE = YES;
				CLANG_WARN__DUPLICATE_METHOD_MATCH = YES;
				COPY_PHASE_STRIP = NO;
				DEBUG_INFORMATION_FORMAT = "dwarf-with-dsym";
				ENABLE_NS_ASSERTIONS = NO;
				ENABLE_STRICT_OBJC_MSGSEND = YES;
				GCC_C_LANGUAGE_STANDARD = gnu11;
				GCC_NO_COMMON_BLOCKS = YES;
				GCC_WARN_64_TO_32_BIT_CONVERSION = YES;
				GCC_WARN_ABOUT_RETURN_TYPE = YES_ERROR;
				GCC_WARN_UNDECLARED_SELECTOR = YES;
				GCC_WARN_UNINITIALIZED_AUTOS = YES_AGGRESSIVE;
				GCC_WARN_UNUSED_FUNCTION = YES;
				GCC_WARN_UNUSED_VARIABLE = YES;
				IPHONEOS_DEPLOYMENT_TARGET = 13.4;
				MTL_ENABLE_DEBUG_INFO = NO;
				MTL_FAST_MATH = YES;
				SDKROOT = iphoneos;
				SWIFT_COMPILATION_MODE = wholemodule;
				SWIFT_OPTIMIZATION_LEVEL = "-O";
				VALIDATE_PRODUCT = YES;
			};
			name = Release;
		};
		ABB6C040243D2AC100252529 /* Debug */ = {
			isa = XCBuildConfiguration;
			buildSettings = {
				ASSETCATALOG_COMPILER_APPICON_NAME = AppIcon;
				CODE_SIGN_STYLE = Automatic;
				DEVELOPMENT_TEAM = J36XH69Z83;
				INFOPLIST_FILE = DownloadFiles/Info.plist;
				LD_RUNPATH_SEARCH_PATHS = (
					"$(inherited)",
					"@executable_path/Frameworks",
				);
				PRODUCT_BUNDLE_IDENTIFIER = com.xcodetips.DownloadFiles;
				PRODUCT_NAME = "$(TARGET_NAME)";
				SWIFT_VERSION = 5.0;
				TARGETED_DEVICE_FAMILY = "1,2";
			};
			name = Debug;
		};
		ABB6C041243D2AC100252529 /* Release */ = {
			isa = XCBuildConfiguration;
			buildSettings = {
				ASSETCATALOG_COMPILER_APPICON_NAME = AppIcon;
				CODE_SIGN_STYLE = Automatic;
				DEVELOPMENT_TEAM = J36XH69Z83;
				INFOPLIST_FILE = DownloadFiles/Info.plist;
				LD_RUNPATH_SEARCH_PATHS = (
					"$(inherited)",
					"@executable_path/Frameworks",
				);
				PRODUCT_BUNDLE_IDENTIFIER = com.xcodetips.DownloadFiles;
				PRODUCT_NAME = "$(TARGET_NAME)";
				SWIFT_VERSION = 5.0;
				TARGETED_DEVICE_FAMILY = "1,2";
			};
			name = Release;
		};
/* End XCBuildConfiguration section */

/* Begin XCConfigurationList section */
		ABB6C026243D2AC000252529 /* Build configuration list for PBXProject "DownloadFiles" */ = {
			isa = XCConfigurationList;
			buildConfigurations = (
				ABB6C03D243D2AC100252529 /* Debug */,
				ABB6C03E243D2AC100252529 /* Release */,
			);
			defaultConfigurationIsVisible = 0;
			defaultConfigurationName = Release;
		};
		ABB6C03F243D2AC100252529 /* Build configuration list for PBXNativeTarget "DownloadFiles" */ = {
			isa = XCConfigurationList;
			buildConfigurations = (
				ABB6C040243D2AC100252529 /* Debug */,
				ABB6C041243D2AC100252529 /* Release */,
			);
			defaultConfigurationIsVisible = 0;
			defaultConfigurationName = Release;
		};
/* End XCConfigurationList section */
	};
	rootObject = ABB6C023243D2AC000252529 /* Project object */;
}
